
Microsoft Visual Studio Solution File, Format Version 12.00
# Visual Studio 15
VisualStudioVersion = 15.0.28010.2041
MinimumVisualStudioVersion = 10.0.40219.1
Project("{FAE04EC0-301F-11D3-BF4B-00C04F79EFBC}") = "TranslationTool", "TranslationTool\TranslationTool.csproj", "{40EDCEF2-EE45-48CD-A0FE-8ABA0EAF450D}"
EndProject
Global
	GlobalSection(SolutionConfigurationPlatforms) = preSolution
		Debug|Any CPU = Debug|Any CPU
		Release|Any CPU = Release|Any CPU
	EndGlobalSection
	GlobalSection(ProjectConfigurationPlatforms) = postSolution
		{40EDCEF2-EE45-48CD-A0FE-8ABA0EAF450D}.Debug|Any CPU.ActiveCfg = Debug|Any CPU
		{40EDCEF2-EE45-48CD-A0FE-8ABA0EAF450D}.Debug|Any CPU.Build.0 = Debug|Any CPU
		{40EDCEF2-EE45-48CD-A0FE-8ABA0EAF450D}.Release|Any CPU.ActiveCfg = Release|Any CPU
		{40EDCEF2-EE45-48CD-A0FE-8ABA0EAF450D}.Release|Any CPU.Build.0 = Release|Any CPU
	EndGlobalSection
	GlobalSection(SolutionProperties) = preSolution
		HideSolutionNode = FALSE
	EndGlobalSection
	GlobalSection(ExtensibilityGlobals) = postSolution
		SolutionGuid = {2A06E199-B80B-45D3-BDEA-B81CB6E59A89}
	EndGlobalSection
EndGlobal
